// !$*UTF8*$!
{
	archiveVersion = 1;
	classes = {
	};
	objectVersion = 55;
	objects = {

/* Begin PBXBuildFile section */
		141159EDA9F0B6313E169B4D /* Pods_COBSCComp201P001_Eshan_COBSCComp201P001_EshanUITests.framework in Frameworks */ = {isa = PBXBuildFile; fileRef = 6A6FC3FAA1DEF4707A83CA49 /* Pods_COBSCComp201P001_Eshan_COBSCComp201P001_EshanUITests.framework */; };
		3F7A78024DC9A04783EF2F12 /* Pods_COBSCComp201P001_EshanTests.framework in Frameworks */ = {isa = PBXBuildFile; fileRef = 1532BADE0715F82874672BBC /* Pods_COBSCComp201P001_EshanTests.framework */; };
		BEFD61ADEBDE4ECBC88A78B6 /* Pods_COBSCComp201P001_Eshan.framework in Frameworks */ = {isa = PBXBuildFile; fileRef = 534F74A3840B8432DF14A103 /* Pods_COBSCComp201P001_Eshan.framework */; };
		CF089FD427281E05005ABF95 /* GoogleService-Info.plist in Resources */ = {isa = PBXBuildFile; fileRef = CF089FD327281E05005ABF95 /* GoogleService-Info.plist */; };
		CF2D3AA7273548EB00F9EFA9 /* SignUp.swift in Sources */ = {isa = PBXBuildFile; fileRef = CF2D3AA6273548EB00F9EFA9 /* SignUp.swift */; };
		CF448EC02734392300C26187 /* SignIn.swift in Sources */ = {isa = PBXBuildFile; fileRef = CF448EBF2734392300C26187 /* SignIn.swift */; };
		CF448EC427343A5100C26187 /* User.swift in Sources */ = {isa = PBXBuildFile; fileRef = CF448EC327343A5100C26187 /* User.swift */; };
		CF448EC627343CD800C26187 /* AuthViewModel.swift in Sources */ = {isa = PBXBuildFile; fileRef = CF448EC527343CD800C26187 /* AuthViewModel.swift */; };
		CF448EC8273445B100C26187 /* Booking.swift in Sources */ = {isa = PBXBuildFile; fileRef = CF448EC7273445B100C26187 /* Booking.swift */; };
		CF7D7C3F272C5F2900C75EE2 /* Home.swift in Sources */ = {isa = PBXBuildFile; fileRef = CF7D7C3E272C5F2900C75EE2 /* Home.swift */; };
		CF7D7C42272C76EB00C75EE2 /* Slot.swift in Sources */ = {isa = PBXBuildFile; fileRef = CF7D7C41272C76EB00C75EE2 /* Slot.swift */; };
		CF7D7C45272C78D300C75EE2 /* SlotsViewModel.swift in Sources */ = {isa = PBXBuildFile; fileRef = CF7D7C44272C78D300C75EE2 /* SlotsViewModel.swift */; };
		CFA2A6E32735572000F1E348 /* Settings.swift in Sources */ = {isa = PBXBuildFile; fileRef = CFA2A6E22735572000F1E348 /* Settings.swift */; };
		CFE110762743E85900B6B527 /* SlotView.swift in Sources */ = {isa = PBXBuildFile; fileRef = CFE110752743E85900B6B527 /* SlotView.swift */; };
		CFF5B97C27283E5C00381B07 /* COBSCComp201P001_EshanApp.swift in Sources */ = {isa = PBXBuildFile; fileRef = CFF5B97B27283E5C00381B07 /* COBSCComp201P001_EshanApp.swift */; };
		CFF5B97E27283E5C00381B07 /* ContentView.swift in Sources */ = {isa = PBXBuildFile; fileRef = CFF5B97D27283E5C00381B07 /* ContentView.swift */; };
		CFF5B98027283E5E00381B07 /* Assets.xcassets in Resources */ = {isa = PBXBuildFile; fileRef = CFF5B97F27283E5E00381B07 /* Assets.xcassets */; };
		CFF5B98327283E5E00381B07 /* Preview Assets.xcassets in Resources */ = {isa = PBXBuildFile; fileRef = CFF5B98227283E5E00381B07 /* Preview Assets.xcassets */; };
		CFF5B98D27283E5E00381B07 /* COBSCComp201P001_EshanTests.swift in Sources */ = {isa = PBXBuildFile; fileRef = CFF5B98C27283E5E00381B07 /* COBSCComp201P001_EshanTests.swift */; };
		CFF5B99727283E5E00381B07 /* COBSCComp201P001_EshanUITests.swift in Sources */ = {isa = PBXBuildFile; fileRef = CFF5B99627283E5E00381B07 /* COBSCComp201P001_EshanUITests.swift */; };
		CFF5B99927283E5E00381B07 /* COBSCComp201P001_EshanUITestsLaunchTests.swift in Sources */ = {isa = PBXBuildFile; fileRef = CFF5B99827283E5E00381B07 /* COBSCComp201P001_EshanUITestsLaunchTests.swift */; };
/* End PBXBuildFile section */

/* Begin PBXContainerItemProxy section */
		CFF5B98927283E5E00381B07 /* PBXContainerItemProxy */ = {
			isa = PBXContainerItemProxy;
			containerPortal = CFF5B97027283E5C00381B07 /* Project object */;
			proxyType = 1;
			remoteGlobalIDString = CFF5B97727283E5C00381B07;
			remoteInfo = "COBSCComp201P001-Eshan";
		};
		CFF5B99327283E5E00381B07 /* PBXContainerItemProxy */ = {
			isa = PBXContainerItemProxy;
			containerPortal = CFF5B97027283E5C00381B07 /* Project object */;
			proxyType = 1;
			remoteGlobalIDString = CFF5B97727283E5C00381B07;
			remoteInfo = "COBSCComp201P001-Eshan";
		};
/* End PBXContainerItemProxy section */

/* Begin PBXFileReference section */
		1532BADE0715F82874672BBC /* Pods_COBSCComp201P001_EshanTests.framework */ = {isa = PBXFileReference; explicitFileType = wrapper.framework; includeInIndex = 0; path = Pods_COBSCComp201P001_EshanTests.framework; sourceTree = BUILT_PRODUCTS_DIR; };
		2F29331758EF17F216F4237C /* Pods-COBSCComp201P001-EshanTests.debug.xcconfig */ = {isa = PBXFileReference; includeInIndex = 1; lastKnownFileType = text.xcconfig; name = "Pods-COBSCComp201P001-EshanTests.debug.xcconfig"; path = "Target Support Files/Pods-COBSCComp201P001-EshanTests/Pods-COBSCComp201P001-EshanTests.debug.xcconfig"; sourceTree = "<group>"; };
		534F74A3840B8432DF14A103 /* Pods_COBSCComp201P001_Eshan.framework */ = {isa = PBXFileReference; explicitFileType = wrapper.framework; includeInIndex = 0; path = Pods_COBSCComp201P001_Eshan.framework; sourceTree = BUILT_PRODUCTS_DIR; };
		6A6FC3FAA1DEF4707A83CA49 /* Pods_COBSCComp201P001_Eshan_COBSCComp201P001_EshanUITests.framework */ = {isa = PBXFileReference; explicitFileType = wrapper.framework; includeInIndex = 0; path = Pods_COBSCComp201P001_Eshan_COBSCComp201P001_EshanUITests.framework; sourceTree = BUILT_PRODUCTS_DIR; };
		82A04A7D9C4AE4F6A1B17044 /* Pods-COBSCComp201P001-EshanTests.release.xcconfig */ = {isa = PBXFileReference; includeInIndex = 1; lastKnownFileType = text.xcconfig; name = "Pods-COBSCComp201P001-EshanTests.release.xcconfig"; path = "Target Support Files/Pods-COBSCComp201P001-EshanTests/Pods-COBSCComp201P001-EshanTests.release.xcconfig"; sourceTree = "<group>"; };
		8AB59BCAC8C731A36DBF95A0 /* Pods-COBSCComp201P001-Eshan.release.xcconfig */ = {isa = PBXFileReference; includeInIndex = 1; lastKnownFileType = text.xcconfig; name = "Pods-COBSCComp201P001-Eshan.release.xcconfig"; path = "Target Support Files/Pods-COBSCComp201P001-Eshan/Pods-COBSCComp201P001-Eshan.release.xcconfig"; sourceTree = "<group>"; };
		CC69B644A47A4B8ABB4C1C69 /* Pods-COBSCComp201P001-Eshan-COBSCComp201P001-EshanUITests.debug.xcconfig */ = {isa = PBXFileReference; includeInIndex = 1; lastKnownFileType = text.xcconfig; name = "Pods-COBSCComp201P001-Eshan-COBSCComp201P001-EshanUITests.debug.xcconfig"; path = "Target Support Files/Pods-COBSCComp201P001-Eshan-COBSCComp201P001-EshanUITests/Pods-COBSCComp201P001-Eshan-COBSCComp201P001-EshanUITests.debug.xcconfig"; sourceTree = "<group>"; };
		CCE9B431402B642E96930608 /* Pods-COBSCComp201P001-Eshan.debug.xcconfig */ = {isa = PBXFileReference; includeInIndex = 1; lastKnownFileType = text.xcconfig; name = "Pods-COBSCComp201P001-Eshan.debug.xcconfig"; path = "Target Support Files/Pods-COBSCComp201P001-Eshan/Pods-COBSCComp201P001-Eshan.debug.xcconfig"; sourceTree = "<group>"; };
		CF089FD327281E05005ABF95 /* GoogleService-Info.plist */ = {isa = PBXFileReference; fileEncoding = 4; lastKnownFileType = text.plist.xml; path = "GoogleService-Info.plist"; sourceTree = "<group>"; };
		CF2D3AA6273548EB00F9EFA9 /* SignUp.swift */ = {isa = PBXFileReference; lastKnownFileType = sourcecode.swift; path = SignUp.swift; sourceTree = "<group>"; };
		CF448EBF2734392300C26187 /* SignIn.swift */ = {isa = PBXFileReference; lastKnownFileType = sourcecode.swift; path = SignIn.swift; sourceTree = "<group>"; };
		CF448EC327343A5100C26187 /* User.swift */ = {isa = PBXFileReference; lastKnownFileType = sourcecode.swift; path = User.swift; sourceTree = "<group>"; };
		CF448EC527343CD800C26187 /* AuthViewModel.swift */ = {isa = PBXFileReference; lastKnownFileType = sourcecode.swift; path = AuthViewModel.swift; sourceTree = "<group>"; };
		CF448EC7273445B100C26187 /* Booking.swift */ = {isa = PBXFileReference; lastKnownFileType = sourcecode.swift; path = Booking.swift; sourceTree = "<group>"; };
		CF7D7C3E272C5F2900C75EE2 /* Home.swift */ = {isa = PBXFileReference; lastKnownFileType = sourcecode.swift; path = Home.swift; sourceTree = "<group>"; };
		CF7D7C41272C76EB00C75EE2 /* Slot.swift */ = {isa = PBXFileReference; lastKnownFileType = sourcecode.swift; path = Slot.swift; sourceTree = "<group>"; };
		CF7D7C44272C78D300C75EE2 /* SlotsViewModel.swift */ = {isa = PBXFileReference; lastKnownFileType = sourcecode.swift; path = SlotsViewModel.swift; sourceTree = "<group>"; };
		CFA2A6E22735572000F1E348 /* Settings.swift */ = {isa = PBXFileReference; lastKnownFileType = sourcecode.swift; path = Settings.swift; sourceTree = "<group>"; };
		CFA8653C2729BA4800CE2CB3 /* Info.plist */ = {isa = PBXFileReference; lastKnownFileType = text.plist; path = Info.plist; sourceTree = "<group>"; };
		CFE110752743E85900B6B527 /* SlotView.swift */ = {isa = PBXFileReference; lastKnownFileType = sourcecode.swift; path = SlotView.swift; sourceTree = "<group>"; };
		CFF5B97827283E5C00381B07 /* NIBM Parking.app */ = {isa = PBXFileReference; explicitFileType = wrapper.application; includeInIndex = 0; path = "NIBM Parking.app"; sourceTree = BUILT_PRODUCTS_DIR; };
		CFF5B97B27283E5C00381B07 /* COBSCComp201P001_EshanApp.swift */ = {isa = PBXFileReference; lastKnownFileType = sourcecode.swift; path = COBSCComp201P001_EshanApp.swift; sourceTree = "<group>"; };
		CFF5B97D27283E5C00381B07 /* ContentView.swift */ = {isa = PBXFileReference; lastKnownFileType = sourcecode.swift; path = ContentView.swift; sourceTree = "<group>"; };
		CFF5B97F27283E5E00381B07 /* Assets.xcassets */ = {isa = PBXFileReference; lastKnownFileType = folder.assetcatalog; path = Assets.xcassets; sourceTree = "<group>"; };
		CFF5B98227283E5E00381B07 /* Preview Assets.xcassets */ = {isa = PBXFileReference; lastKnownFileType = folder.assetcatalog; path = "Preview Assets.xcassets"; sourceTree = "<group>"; };
		CFF5B98827283E5E00381B07 /* COBSCComp201P001-EshanTests.xctest */ = {isa = PBXFileReference; explicitFileType = wrapper.cfbundle; includeInIndex = 0; path = "COBSCComp201P001-EshanTests.xctest"; sourceTree = BUILT_PRODUCTS_DIR; };
		CFF5B98C27283E5E00381B07 /* COBSCComp201P001_EshanTests.swift */ = {isa = PBXFileReference; lastKnownFileType = sourcecode.swift; path = COBSCComp201P001_EshanTests.swift; sourceTree = "<group>"; };
		CFF5B99227283E5E00381B07 /* COBSCComp201P001-EshanUITests.xctest */ = {isa = PBXFileReference; explicitFileType = wrapper.cfbundle; includeInIndex = 0; path = "COBSCComp201P001-EshanUITests.xctest"; sourceTree = BUILT_PRODUCTS_DIR; };
		CFF5B99627283E5E00381B07 /* COBSCComp201P001_EshanUITests.swift */ = {isa = PBXFileReference; lastKnownFileType = sourcecode.swift; path = COBSCComp201P001_EshanUITests.swift; sourceTree = "<group>"; };
		CFF5B99827283E5E00381B07 /* COBSCComp201P001_EshanUITestsLaunchTests.swift */ = {isa = PBXFileReference; lastKnownFileType = sourcecode.swift; path = COBSCComp201P001_EshanUITestsLaunchTests.swift; sourceTree = "<group>"; };
		F0787AE2EB1740CF1A53B93A /* Pods-COBSCComp201P001-Eshan-COBSCComp201P001-EshanUITests.release.xcconfig */ = {isa = PBXFileReference; includeInIndex = 1; lastKnownFileType = text.xcconfig; name = "Pods-COBSCComp201P001-Eshan-COBSCComp201P001-EshanUITests.release.xcconfig"; path = "Target Support Files/Pods-COBSCComp201P001-Eshan-COBSCComp201P001-EshanUITests/Pods-COBSCComp201P001-Eshan-COBSCComp201P001-EshanUITests.release.xcconfig"; sourceTree = "<group>"; };
/* End PBXFileReference section */

/* Begin PBXFrameworksBuildPhase section */
		CFF5B97527283E5C00381B07 /* Frameworks */ = {
			isa = PBXFrameworksBuildPhase;
			buildActionMask = 2147483647;
			files = (
				BEFD61ADEBDE4ECBC88A78B6 /* Pods_COBSCComp201P001_Eshan.framework in Frameworks */,
			);
			runOnlyForDeploymentPostprocessing = 0;
		};
		CFF5B98527283E5E00381B07 /* Frameworks */ = {
			isa = PBXFrameworksBuildPhase;
			buildActionMask = 2147483647;
			files = (
				3F7A78024DC9A04783EF2F12 /* Pods_COBSCComp201P001_EshanTests.framework in Frameworks */,
			);
			runOnlyForDeploymentPostprocessing = 0;
		};
		CFF5B98F27283E5E00381B07 /* Frameworks */ = {
			isa = PBXFrameworksBuildPhase;
			buildActionMask = 2147483647;
			files = (
				141159EDA9F0B6313E169B4D /* Pods_COBSCComp201P001_Eshan_COBSCComp201P001_EshanUITests.framework in Frameworks */,
			);
			runOnlyForDeploymentPostprocessing = 0;
		};
/* End PBXFrameworksBuildPhase section */

/* Begin PBXGroup section */
		070BEEF9A6574E9E42C33B18 /* Frameworks */ = {
			isa = PBXGroup;
			children = (
				534F74A3840B8432DF14A103 /* Pods_COBSCComp201P001_Eshan.framework */,
				6A6FC3FAA1DEF4707A83CA49 /* Pods_COBSCComp201P001_Eshan_COBSCComp201P001_EshanUITests.framework */,
				1532BADE0715F82874672BBC /* Pods_COBSCComp201P001_EshanTests.framework */,
			);
			name = Frameworks;
			sourceTree = "<group>";
		};
		CF7D7C40272C769300C75EE2 /* models */ = {
			isa = PBXGroup;
			children = (
				CF7D7C41272C76EB00C75EE2 /* Slot.swift */,
				CF448EC327343A5100C26187 /* User.swift */,
			);
			path = models;
			sourceTree = "<group>";
		};
		CF7D7C43272C787B00C75EE2 /* view_models */ = {
			isa = PBXGroup;
			children = (
				CF7D7C44272C78D300C75EE2 /* SlotsViewModel.swift */,
				CF448EC527343CD800C26187 /* AuthViewModel.swift */,
			);
			path = view_models;
			sourceTree = "<group>";
		};
		CFE110772744065D00B6B527 /* Extensions */ = {
			isa = PBXGroup;
			children = (
			);
			path = Extensions;
			sourceTree = "<group>";
		};
		CFF5B96F27283E5C00381B07 = {
			isa = PBXGroup;
			children = (
				CFF5B97A27283E5C00381B07 /* COBSCComp201P001-Eshan */,
				CFF5B98B27283E5E00381B07 /* COBSCComp201P001-EshanTests */,
				CFF5B99527283E5E00381B07 /* COBSCComp201P001-EshanUITests */,
				CFF5B97927283E5C00381B07 /* Products */,
				D5FF36EADEA8E0996ED98871 /* Pods */,
				070BEEF9A6574E9E42C33B18 /* Frameworks */,
			);
			sourceTree = "<group>";
		};
		CFF5B97927283E5C00381B07 /* Products */ = {
			isa = PBXGroup;
			children = (
				CFF5B97827283E5C00381B07 /* NIBM Parking.app */,
				CFF5B98827283E5E00381B07 /* COBSCComp201P001-EshanTests.xctest */,
				CFF5B99227283E5E00381B07 /* COBSCComp201P001-EshanUITests.xctest */,
			);
			name = Products;
			sourceTree = "<group>";
		};
		CFF5B97A27283E5C00381B07 /* COBSCComp201P001-Eshan */ = {
			isa = PBXGroup;
			children = (
				CFE110772744065D00B6B527 /* Extensions */,
				CF7D7C43272C787B00C75EE2 /* view_models */,
				CF7D7C40272C769300C75EE2 /* models */,
				CFA8653C2729BA4800CE2CB3 /* Info.plist */,
				CFFA6CB727299F6F00FFA739 /* views */,
				CFF5B97B27283E5C00381B07 /* COBSCComp201P001_EshanApp.swift */,
				CF089FD327281E05005ABF95 /* GoogleService-Info.plist */,
				CFF5B97F27283E5E00381B07 /* Assets.xcassets */,
				CFF5B98127283E5E00381B07 /* Preview Content */,
			);
			path = "COBSCComp201P001-Eshan";
			sourceTree = "<group>";
		};
		CFF5B98127283E5E00381B07 /* Preview Content */ = {
			isa = PBXGroup;
			children = (
				CFF5B98227283E5E00381B07 /* Preview Assets.xcassets */,
			);
			path = "Preview Content";
			sourceTree = "<group>";
		};
		CFF5B98B27283E5E00381B07 /* COBSCComp201P001-EshanTests */ = {
			isa = PBXGroup;
			children = (
				CFF5B98C27283E5E00381B07 /* COBSCComp201P001_EshanTests.swift */,
			);
			path = "COBSCComp201P001-EshanTests";
			sourceTree = "<group>";
		};
		CFF5B99527283E5E00381B07 /* COBSCComp201P001-EshanUITests */ = {
			isa = PBXGroup;
			children = (
				CFF5B99627283E5E00381B07 /* COBSCComp201P001_EshanUITests.swift */,
				CFF5B99827283E5E00381B07 /* COBSCComp201P001_EshanUITestsLaunchTests.swift */,
			);
			path = "COBSCComp201P001-EshanUITests";
			sourceTree = "<group>";
		};
		CFFA6CB727299F6F00FFA739 /* views */ = {
			isa = PBXGroup;
			children = (
				CFF5B97D27283E5C00381B07 /* ContentView.swift */,
				CF7D7C3E272C5F2900C75EE2 /* Home.swift */,
				CF448EBF2734392300C26187 /* SignIn.swift */,
				CF448EC7273445B100C26187 /* Booking.swift */,
				CF2D3AA6273548EB00F9EFA9 /* SignUp.swift */,
				CFA2A6E22735572000F1E348 /* Settings.swift */,
				CFE110752743E85900B6B527 /* SlotView.swift */,
			);
			path = views;
			sourceTree = "<group>";
		};
		D5FF36EADEA8E0996ED98871 /* Pods */ = {
			isa = PBXGroup;
			children = (
				CCE9B431402B642E96930608 /* Pods-COBSCComp201P001-Eshan.debug.xcconfig */,
				8AB59BCAC8C731A36DBF95A0 /* Pods-COBSCComp201P001-Eshan.release.xcconfig */,
				CC69B644A47A4B8ABB4C1C69 /* Pods-COBSCComp201P001-Eshan-COBSCComp201P001-EshanUITests.debug.xcconfig */,
				F0787AE2EB1740CF1A53B93A /* Pods-COBSCComp201P001-Eshan-COBSCComp201P001-EshanUITests.release.xcconfig */,
				2F29331758EF17F216F4237C /* Pods-COBSCComp201P001-EshanTests.debug.xcconfig */,
				82A04A7D9C4AE4F6A1B17044 /* Pods-COBSCComp201P001-EshanTests.release.xcconfig */,
			);
			path = Pods;
			sourceTree = "<group>";
		};
/* End PBXGroup section */

/* Begin PBXNativeTarget section */
		CFF5B97727283E5C00381B07 /* COBSCComp201P001-Eshan */ = {
			isa = PBXNativeTarget;
			buildConfigurationList = CFF5B99C27283E5E00381B07 /* Build configuration list for PBXNativeTarget "COBSCComp201P001-Eshan" */;
			buildPhases = (
				4EEAE27C7BD61425695DE198 /* [CP] Check Pods Manifest.lock */,
				CFF5B97427283E5C00381B07 /* Sources */,
				CFF5B97527283E5C00381B07 /* Frameworks */,
				CFF5B97627283E5C00381B07 /* Resources */,
				29A1DFD052C72E3688CAE6C8 /* [CP] Embed Pods Frameworks */,
			);
			buildRules = (
			);
			dependencies = (
			);
			name = "COBSCComp201P001-Eshan";
			productName = "COBSCComp201P001-Eshan";
			productReference = CFF5B97827283E5C00381B07 /* NIBM Parking.app */;
			productType = "com.apple.product-type.application";
		};
		CFF5B98727283E5E00381B07 /* COBSCComp201P001-EshanTests */ = {
			isa = PBXNativeTarget;
			buildConfigurationList = CFF5B99F27283E5E00381B07 /* Build configuration list for PBXNativeTarget "COBSCComp201P001-EshanTests" */;
			buildPhases = (
				DC2D29406B984CAE7CDA9F51 /* [CP] Check Pods Manifest.lock */,
				CFF5B98427283E5E00381B07 /* Sources */,
				CFF5B98527283E5E00381B07 /* Frameworks */,
				CFF5B98627283E5E00381B07 /* Resources */,
			);
			buildRules = (
			);
			dependencies = (
				CFF5B98A27283E5E00381B07 /* PBXTargetDependency */,
			);
			name = "COBSCComp201P001-EshanTests";
			productName = "COBSCComp201P001-EshanTests";
			productReference = CFF5B98827283E5E00381B07 /* COBSCComp201P001-EshanTests.xctest */;
			productType = "com.apple.product-type.bundle.unit-test";
		};
		CFF5B99127283E5E00381B07 /* COBSCComp201P001-EshanUITests */ = {
			isa = PBXNativeTarget;
			buildConfigurationList = CFF5B9A227283E5E00381B07 /* Build configuration list for PBXNativeTarget "COBSCComp201P001-EshanUITests" */;
			buildPhases = (
				E4F06A0836365DF2CF5EC938 /* [CP] Check Pods Manifest.lock */,
				CFF5B98E27283E5E00381B07 /* Sources */,
				CFF5B98F27283E5E00381B07 /* Frameworks */,
				CFF5B99027283E5E00381B07 /* Resources */,
				7F76F3FD2AFCADC1C463A58B /* [CP] Embed Pods Frameworks */,
			);
			buildRules = (
			);
			dependencies = (
				CFF5B99427283E5E00381B07 /* PBXTargetDependency */,
			);
			name = "COBSCComp201P001-EshanUITests";
			productName = "COBSCComp201P001-EshanUITests";
			productReference = CFF5B99227283E5E00381B07 /* COBSCComp201P001-EshanUITests.xctest */;
			productType = "com.apple.product-type.bundle.ui-testing";
		};
/* End PBXNativeTarget section */

/* Begin PBXProject section */
		CFF5B97027283E5C00381B07 /* Project object */ = {
			isa = PBXProject;
			attributes = {
				BuildIndependentTargetsInParallel = 1;
				LastSwiftUpdateCheck = 1300;
				LastUpgradeCheck = 1300;
				TargetAttributes = {
					CFF5B97727283E5C00381B07 = {
						CreatedOnToolsVersion = 13.0;
					};
					CFF5B98727283E5E00381B07 = {
						CreatedOnToolsVersion = 13.0;
						TestTargetID = CFF5B97727283E5C00381B07;
					};
					CFF5B99127283E5E00381B07 = {
						CreatedOnToolsVersion = 13.0;
						TestTargetID = CFF5B97727283E5C00381B07;
					};
				};
			};
			buildConfigurationList = CFF5B97327283E5C00381B07 /* Build configuration list for PBXProject "COBSCComp201P001-Eshan" */;
			compatibilityVersion = "Xcode 13.0";
			developmentRegion = en;
			hasScannedForEncodings = 0;
			knownRegions = (
				en,
				Base,
			);
			mainGroup = CFF5B96F27283E5C00381B07;
			productRefGroup = CFF5B97927283E5C00381B07 /* Products */;
			projectDirPath = "";
			projectRoot = "";
			targets = (
				CFF5B97727283E5C00381B07 /* COBSCComp201P001-Eshan */,
				CFF5B98727283E5E00381B07 /* COBSCComp201P001-EshanTests */,
				CFF5B99127283E5E00381B07 /* COBSCComp201P001-EshanUITests */,
			);
		};
/* End PBXProject section */

/* Begin PBXResourcesBuildPhase section */
		CFF5B97627283E5C00381B07 /* Resources */ = {
			isa = PBXResourcesBuildPhase;
			buildActionMask = 2147483647;
			files = (
				CFF5B98327283E5E00381B07 /* Preview Assets.xcassets in Resources */,
				CFF5B98027283E5E00381B07 /* Assets.xcassets in Resources */,
				CF089FD427281E05005ABF95 /* GoogleService-Info.plist in Resources */,
			);
			runOnlyForDeploymentPostprocessing = 0;
		};
		CFF5B98627283E5E00381B07 /* Resources */ = {
			isa = PBXResourcesBuildPhase;
			buildActionMask = 2147483647;
			files = (
			);
			runOnlyForDeploymentPostprocessing = 0;
		};
		CFF5B99027283E5E00381B07 /* Resources */ = {
			isa = PBXResourcesBuildPhase;
			buildActionMask = 2147483647;
			files = (
			);
			runOnlyForDeploymentPostprocessing = 0;
		};
/* End PBXResourcesBuildPhase section */

/* Begin PBXShellScriptBuildPhase section */
		29A1DFD052C72E3688CAE6C8 /* [CP] Embed Pods Frameworks */ = {
			isa = PBXShellScriptBuildPhase;
			buildActionMask = 2147483647;
			files = (
			);
			inputFileListPaths = (
				"${PODS_ROOT}/Target Support Files/Pods-COBSCComp201P001-Eshan/Pods-COBSCComp201P001-Eshan-frameworks-${CONFIGURATION}-input-files.xcfilelist",
			);
			name = "[CP] Embed Pods Frameworks";
			outputFileListPaths = (
				"${PODS_ROOT}/Target Support Files/Pods-COBSCComp201P001-Eshan/Pods-COBSCComp201P001-Eshan-frameworks-${CONFIGURATION}-output-files.xcfilelist",
			);
			runOnlyForDeploymentPostprocessing = 0;
			shellPath = /bin/sh;
			shellScript = "\"${PODS_ROOT}/Target Support Files/Pods-COBSCComp201P001-Eshan/Pods-COBSCComp201P001-Eshan-frameworks.sh\"\n";
			showEnvVarsInLog = 0;
		};
		4EEAE27C7BD61425695DE198 /* [CP] Check Pods Manifest.lock */ = {
			isa = PBXShellScriptBuildPhase;
			buildActionMask = 2147483647;
			files = (
			);
			inputFileListPaths = (
			);
			inputPaths = (
				"${PODS_PODFILE_DIR_PATH}/Podfile.lock",
				"${PODS_ROOT}/Manifest.lock",
			);
			name = "[CP] Check Pods Manifest.lock";
			outputFileListPaths = (
			);
			outputPaths = (
				"$(DERIVED_FILE_DIR)/Pods-COBSCComp201P001-Eshan-checkManifestLockResult.txt",
			);
			runOnlyForDeploymentPostprocessing = 0;
			shellPath = /bin/sh;
			shellScript = "diff \"${PODS_PODFILE_DIR_PATH}/Podfile.lock\" \"${PODS_ROOT}/Manifest.lock\" > /dev/null\nif [ $? != 0 ] ; then\n    # print error to STDERR\n    echo \"error: The sandbox is not in sync with the Podfile.lock. Run 'pod install' or update your CocoaPods installation.\" >&2\n    exit 1\nfi\n# This output is used by Xcode 'outputs' to avoid re-running this script phase.\necho \"SUCCESS\" > \"${SCRIPT_OUTPUT_FILE_0}\"\n";
			showEnvVarsInLog = 0;
		};
		7F76F3FD2AFCADC1C463A58B /* [CP] Embed Pods Frameworks */ = {
			isa = PBXShellScriptBuildPhase;
			buildActionMask = 2147483647;
			files = (
			);
			inputFileListPaths = (
				"${PODS_ROOT}/Target Support Files/Pods-COBSCComp201P001-Eshan-COBSCComp201P001-EshanUITests/Pods-COBSCComp201P001-Eshan-COBSCComp201P001-EshanUITests-frameworks-${CONFIGURATION}-input-files.xcfilelist",
			);
			name = "[CP] Embed Pods Frameworks";
			outputFileListPaths = (
				"${PODS_ROOT}/Target Support Files/Pods-COBSCComp201P001-Eshan-COBSCComp201P001-EshanUITests/Pods-COBSCComp201P001-Eshan-COBSCComp201P001-EshanUITests-frameworks-${CONFIGURATION}-output-files.xcfilelist",
			);
			runOnlyForDeploymentPostprocessing = 0;
			shellPath = /bin/sh;
			shellScript = "\"${PODS_ROOT}/Target Support Files/Pods-COBSCComp201P001-Eshan-COBSCComp201P001-EshanUITests/Pods-COBSCComp201P001-Eshan-COBSCComp201P001-EshanUITests-frameworks.sh\"\n";
			showEnvVarsInLog = 0;
		};
		DC2D29406B984CAE7CDA9F51 /* [CP] Check Pods Manifest.lock */ = {
			isa = PBXShellScriptBuildPhase;
			buildActionMask = 2147483647;
			files = (
			);
			inputFileListPaths = (
			);
			inputPaths = (
				"${PODS_PODFILE_DIR_PATH}/Podfile.lock",
				"${PODS_ROOT}/Manifest.lock",
			);
			name = "[CP] Check Pods Manifest.lock";
			outputFileListPaths = (
			);
			outputPaths = (
				"$(DERIVED_FILE_DIR)/Pods-COBSCComp201P001-EshanTests-checkManifestLockResult.txt",
			);
			runOnlyForDeploymentPostprocessing = 0;
			shellPath = /bin/sh;
			shellScript = "diff \"${PODS_PODFILE_DIR_PATH}/Podfile.lock\" \"${PODS_ROOT}/Manifest.lock\" > /dev/null\nif [ $? != 0 ] ; then\n    # print error to STDERR\n    echo \"error: The sandbox is not in sync with the Podfile.lock. Run 'pod install' or update your CocoaPods installation.\" >&2\n    exit 1\nfi\n# This output is used by Xcode 'outputs' to avoid re-running this script phase.\necho \"SUCCESS\" > \"${SCRIPT_OUTPUT_FILE_0}\"\n";
			showEnvVarsInLog = 0;
		};
		E4F06A0836365DF2CF5EC938 /* [CP] Check Pods Manifest.lock */ = {
			isa = PBXShellScriptBuildPhase;
			buildActionMask = 2147483647;
			files = (
			);
			inputFileListPaths = (
			);
			inputPaths = (
				"${PODS_PODFILE_DIR_PATH}/Podfile.lock",
				"${PODS_ROOT}/Manifest.lock",
			);
			name = "[CP] Check Pods Manifest.lock";
			outputFileListPaths = (
			);
			outputPaths = (
				"$(DERIVED_FILE_DIR)/Pods-COBSCComp201P001-Eshan-COBSCComp201P001-EshanUITests-checkManifestLockResult.txt",
			);
			runOnlyForDeploymentPostprocessing = 0;
			shellPath = /bin/sh;
			shellScript = "diff \"${PODS_PODFILE_DIR_PATH}/Podfile.lock\" \"${PODS_ROOT}/Manifest.lock\" > /dev/null\nif [ $? != 0 ] ; then\n    # print error to STDERR\n    echo \"error: The sandbox is not in sync with the Podfile.lock. Run 'pod install' or update your CocoaPods installation.\" >&2\n    exit 1\nfi\n# This output is used by Xcode 'outputs' to avoid re-running this script phase.\necho \"SUCCESS\" > \"${SCRIPT_OUTPUT_FILE_0}\"\n";
			showEnvVarsInLog = 0;
		};
/* End PBXShellScriptBuildPhase section */

/* Begin PBXSourcesBuildPhase section */
		CFF5B97427283E5C00381B07 /* Sources */ = {
			isa = PBXSourcesBuildPhase;
			buildActionMask = 2147483647;
			files = (
				CFF5B97E27283E5C00381B07 /* ContentView.swift in Sources */,
				CF448EC02734392300C26187 /* SignIn.swift in Sources */,
				CF2D3AA7273548EB00F9EFA9 /* SignUp.swift in Sources */,
				CF7D7C3F272C5F2900C75EE2 /* Home.swift in Sources */,
				CF448EC427343A5100C26187 /* User.swift in Sources */,
				CFA2A6E32735572000F1E348 /* Settings.swift in Sources */,
				CFF5B97C27283E5C00381B07 /* COBSCComp201P001_EshanApp.swift in Sources */,
				CF7D7C42272C76EB00C75EE2 /* Slot.swift in Sources */,
				CF7D7C45272C78D300C75EE2 /* SlotsViewModel.swift in Sources */,
				CF448EC627343CD800C26187 /* AuthViewModel.swift in Sources */,
				CFE110762743E85900B6B527 /* SlotView.swift in Sources */,
				CF448EC8273445B100C26187 /* Booking.swift in Sources */,
			);
			runOnlyForDeploymentPostprocessing = 0;
		};
		CFF5B98427283E5E00381B07 /* Sources */ = {
			isa = PBXSourcesBuildPhase;
			buildActionMask = 2147483647;
			files = (
				CFF5B98D27283E5E00381B07 /* COBSCComp201P001_EshanTests.swift in Sources */,
			);
			runOnlyForDeploymentPostprocessing = 0;
		};
		CFF5B98E27283E5E00381B07 /* Sources */ = {
			isa = PBXSourcesBuildPhase;
			buildActionMask = 2147483647;
			files = (
				CFF5B99727283E5E00381B07 /* COBSCComp201P001_EshanUITests.swift in Sources */,
				CFF5B99927283E5E00381B07 /* COBSCComp201P001_EshanUITestsLaunchTests.swift in Sources */,
			);
			runOnlyForDeploymentPostprocessing = 0;
		};
/* End PBXSourcesBuildPhase section */

/* Begin PBXTargetDependency section */
		CFF5B98A27283E5E00381B07 /* PBXTargetDependency */ = {
			isa = PBXTargetDependency;
			target = CFF5B97727283E5C00381B07 /* COBSCComp201P001-Eshan */;
			targetProxy = CFF5B98927283E5E00381B07 /* PBXContainerItemProxy */;
		};
		CFF5B99427283E5E00381B07 /* PBXTargetDependency */ = {
			isa = PBXTargetDependency;
			target = CFF5B97727283E5C00381B07 /* COBSCComp201P001-Eshan */;
			targetProxy = CFF5B99327283E5E00381B07 /* PBXContainerItemProxy */;
		};
/* End PBXTargetDependency section */

/* Begin XCBuildConfiguration section */
		CFF5B99A27283E5E00381B07 /* Debug */ = {
			isa = XCBuildConfiguration;
			buildSettings = {
				ALWAYS_SEARCH_USER_PATHS = NO;
				CLANG_ANALYZER_NONNULL = YES;
				CLANG_ANALYZER_NUMBER_OBJECT_CONVERSION = YES_AGGRESSIVE;
				CLANG_CXX_LANGUAGE_STANDARD = "gnu++17";
				CLANG_CXX_LIBRARY = "libc++";
				CLANG_ENABLE_MODULES = YES;
				CLANG_ENABLE_OBJC_ARC = YES;
				CLANG_ENABLE_OBJC_WEAK = YES;
				CLANG_WARN_BLOCK_CAPTURE_AUTORELEASING = YES;
				CLANG_WARN_BOOL_CONVERSION = YES;
				CLANG_WARN_COMMA = YES;
				CLANG_WARN_CONSTANT_CONVERSION = YES;
				CLANG_WARN_DEPRECATED_OBJC_IMPLEMENTATIONS = YES;
				CLANG_WARN_DIRECT_OBJC_ISA_USAGE = YES_ERROR;
				CLANG_WARN_DOCUMENTATION_COMMENTS = YES;
				CLANG_WARN_EMPTY_BODY = YES;
				CLANG_WARN_ENUM_CONVERSION = YES;
				CLANG_WARN_INFINITE_RECURSION = YES;
				CLANG_WARN_INT_CONVERSION = YES;
				CLANG_WARN_NON_LITERAL_NULL_CONVERSION = YES;
				CLANG_WARN_OBJC_IMPLICIT_RETAIN_SELF = YES;
				CLANG_WARN_OBJC_LITERAL_CONVERSION = YES;
				CLANG_WARN_OBJC_ROOT_CLASS = YES_ERROR;
				CLANG_WARN_QUOTED_INCLUDE_IN_FRAMEWORK_HEADER = YES;
				CLANG_WARN_RANGE_LOOP_ANALYSIS = YES;
				CLANG_WARN_STRICT_PROTOTYPES = YES;
				CLANG_WARN_SUSPICIOUS_MOVE = YES;
				CLANG_WARN_UNGUARDED_AVAILABILITY = YES_AGGRESSIVE;
				CLANG_WARN_UNREACHABLE_CODE = YES;
				CLANG_WARN__DUPLICATE_METHOD_MATCH = YES;
				COPY_PHASE_STRIP = NO;
				DEBUG_INFORMATION_FORMAT = dwarf;
				ENABLE_STRICT_OBJC_MSGSEND = YES;
				ENABLE_TESTABILITY = YES;
				GCC_C_LANGUAGE_STANDARD = gnu11;
				GCC_DYNAMIC_NO_PIC = NO;
				GCC_NO_COMMON_BLOCKS = YES;
				GCC_OPTIMIZATION_LEVEL = 0;
				GCC_PREPROCESSOR_DEFINITIONS = (
					"DEBUG=1",
					"$(inherited)",
				);
				GCC_WARN_64_TO_32_BIT_CONVERSION = YES;
				GCC_WARN_ABOUT_RETURN_TYPE = YES_ERROR;
				GCC_WARN_UNDECLARED_SELECTOR = YES;
				GCC_WARN_UNINITIALIZED_AUTOS = YES_AGGRESSIVE;
				GCC_WARN_UNUSED_FUNCTION = YES;
				GCC_WARN_UNUSED_VARIABLE = YES;
				IPHONEOS_DEPLOYMENT_TARGET = 15.0;
				MTL_ENABLE_DEBUG_INFO = INCLUDE_SOURCE;
				MTL_FAST_MATH = YES;
				ONLY_ACTIVE_ARCH = YES;
				SDKROOT = iphoneos;
				SWIFT_ACTIVE_COMPILATION_CONDITIONS = DEBUG;
				SWIFT_OPTIMIZATION_LEVEL = "-Onone";
			};
			name = Debug;
		};
		CFF5B99B27283E5E00381B07 /* Release */ = {
			isa = XCBuildConfiguration;
			buildSettings = {
				ALWAYS_SEARCH_USER_PATHS = NO;
				CLANG_ANALYZER_NONNULL = YES;
				CLANG_ANALYZER_NUMBER_OBJECT_CONVERSION = YES_AGGRESSIVE;
				CLANG_CXX_LANGUAGE_STANDARD = "gnu++17";
				CLANG_CXX_LIBRARY = "libc++";
				CLANG_ENABLE_MODULES = YES;
				CLANG_ENABLE_OBJC_ARC = YES;
				CLANG_ENABLE_OBJC_WEAK = YES;
				CLANG_WARN_BLOCK_CAPTURE_AUTORELEASING = YES;
				CLANG_WARN_BOOL_CONVERSION = YES;
				CLANG_WARN_COMMA = YES;
				CLANG_WARN_CONSTANT_CONVERSION = YES;
				CLANG_WARN_DEPRECATED_OBJC_IMPLEMENTATIONS = YES;
				CLANG_WARN_DIRECT_OBJC_ISA_USAGE = YES_ERROR;
				CLANG_WARN_DOCUMENTATION_COMMENTS = YES;
				CLANG_WARN_EMPTY_BODY = YES;
				CLANG_WARN_ENUM_CONVERSION = YES;
				CLANG_WARN_INFINITE_RECURSION = YES;
				CLANG_WARN_INT_CONVERSION = YES;
				CLANG_WARN_NON_LITERAL_NULL_CONVERSION = YES;
				CLANG_WARN_OBJC_IMPLICIT_RETAIN_SELF = YES;
				CLANG_WARN_OBJC_LITERAL_CONVERSION = YES;
				CLANG_WARN_OBJC_ROOT_CLASS = YES_ERROR;
				CLANG_WARN_QUOTED_INCLUDE_IN_FRAMEWORK_HEADER = YES;
				CLANG_WARN_RANGE_LOOP_ANALYSIS = YES;
				CLANG_WARN_STRICT_PROTOTYPES = YES;
				CLANG_WARN_SUSPICIOUS_MOVE = YES;
				CLANG_WARN_UNGUARDED_AVAILABILITY = YES_AGGRESSIVE;
				CLANG_WARN_UNREACHABLE_CODE = YES;
				CLANG_WARN__DUPLICATE_METHOD_MATCH = YES;
				COPY_PHASE_STRIP = NO;
				DEBUG_INFORMATION_FORMAT = "dwarf-with-dsym";
				ENABLE_NS_ASSERTIONS = NO;
				ENABLE_STRICT_OBJC_MSGSEND = YES;
				GCC_C_LANGUAGE_STANDARD = gnu11;
				GCC_NO_COMMON_BLOCKS = YES;
				GCC_WARN_64_TO_32_BIT_CONVERSION = YES;
				GCC_WARN_ABOUT_RETURN_TYPE = YES_ERROR;
				GCC_WARN_UNDECLARED_SELECTOR = YES;
				GCC_WARN_UNINITIALIZED_AUTOS = YES_AGGRESSIVE;
				GCC_WARN_UNUSED_FUNCTION = YES;
				GCC_WARN_UNUSED_VARIABLE = YES;
				IPHONEOS_DEPLOYMENT_TARGET = 15.0;
				MTL_ENABLE_DEBUG_INFO = NO;
				MTL_FAST_MATH = YES;
				SDKROOT = iphoneos;
				SWIFT_COMPILATION_MODE = wholemodule;
				SWIFT_OPTIMIZATION_LEVEL = "-O";
				VALIDATE_PRODUCT = YES;
			};
			name = Release;
		};
		CFF5B99D27283E5E00381B07 /* Debug */ = {
			isa = XCBuildConfiguration;
			baseConfigurationReference = CCE9B431402B642E96930608 /* Pods-COBSCComp201P001-Eshan.debug.xcconfig */;
			buildSettings = {
				ASSETCATALOG_COMPILER_APPICON_NAME = AppIcon;
				ASSETCATALOG_COMPILER_GLOBAL_ACCENT_COLOR_NAME = AccentColor;
				CODE_SIGN_STYLE = Automatic;
				CURRENT_PROJECT_VERSION = 1;
				DEVELOPMENT_ASSET_PATHS = "\"COBSCComp201P001-Eshan/Preview Content\"";
				DEVELOPMENT_TEAM = 4VR7Z3J699;
				ENABLE_PREVIEWS = YES;
				GENERATE_INFOPLIST_FILE = YES;
				INFOPLIST_FILE = "COBSCComp201P001-Eshan/Info.plist";
				INFOPLIST_KEY_UIApplicationSceneManifest_Generation = YES;
				INFOPLIST_KEY_UIApplicationSupportsIndirectInputEvents = YES;
				INFOPLIST_KEY_UISupportedInterfaceOrientations_iPad = "UIInterfaceOrientationPortrait UIInterfaceOrientationPortraitUpsideDown UIInterfaceOrientationLandscapeLeft UIInterfaceOrientationLandscapeRight";
				INFOPLIST_KEY_UISupportedInterfaceOrientations_iPhone = "UIInterfaceOrientationPortrait UIInterfaceOrientationLandscapeLeft UIInterfaceOrientationLandscapeRight";
				IPHONEOS_DEPLOYMENT_TARGET = 15.0;
				LD_RUNPATH_SEARCH_PATHS = (
					"$(inherited)",
					"@executable_path/Frameworks",
				);
				MARKETING_VERSION = 1.0;
				PRODUCT_BUNDLE_IDENTIFIER = "nibm.lk.COBSCComp201P001-Eshan";
				PRODUCT_NAME = "NIBM Parking";
				SWIFT_EMIT_LOC_STRINGS = YES;
				SWIFT_VERSION = 5.0;
				TARGETED_DEVICE_FAMILY = "1,2";
			};
			name = Debug;
		};
		CFF5B99E27283E5E00381B07 /* Release */ = {
			isa = XCBuildConfiguration;
			baseConfigurationReference = 8AB59BCAC8C731A36DBF95A0 /* Pods-COBSCComp201P001-Eshan.release.xcconfig */;
			buildSettings = {
				ASSETCATALOG_COMPILER_APPICON_NAME = AppIcon;
				ASSETCATALOG_COMPILER_GLOBAL_ACCENT_COLOR_NAME = AccentColor;
				CODE_SIGN_STYLE = Automatic;
				CURRENT_PROJECT_VERSION = 1;
				DEVELOPMENT_ASSET_PATHS = "\"COBSCComp201P001-Eshan/Preview Content\"";
				DEVELOPMENT_TEAM = 4VR7Z3J699;
				ENABLE_PREVIEWS = YES;
				GENERATE_INFOPLIST_FILE = YES;
				INFOPLIST_FILE = "COBSCComp201P001-Eshan/Info.plist";
				INFOPLIST_KEY_UIApplicationSceneManifest_Generation = YES;
				INFOPLIST_KEY_UIApplicationSupportsIndirectInputEvents = YES;
				INFOPLIST_KEY_UISupportedInterfaceOrientations_iPad = "UIInterfaceOrientationPortrait UIInterfaceOrientationPortraitUpsideDown UIInterfaceOrientationLandscapeLeft UIInterfaceOrientationLandscapeRight";
				INFOPLIST_KEY_UISupportedInterfaceOrientations_iPhone = "UIInterfaceOrientationPortrait UIInterfaceOrientationLandscapeLeft UIInterfaceOrientationLandscapeRight";
				IPHONEOS_DEPLOYMENT_TARGET = 15.0;
				LD_RUNPATH_SEARCH_PATHS = (
					"$(inherited)",
					"@executable_path/Frameworks",
				);
				MARKETING_VERSION = 1.0;
				PRODUCT_BUNDLE_IDENTIFIER = "nibm.lk.COBSCComp201P001-Eshan";
				PRODUCT_NAME = "NIBM Parking";
				SWIFT_EMIT_LOC_STRINGS = YES;
				SWIFT_VERSION = 5.0;
				TARGETED_DEVICE_FAMILY = "1,2";
			};
			name = Release;
		};
		CFF5B9A027283E5E00381B07 /* Debug */ = {
			isa = XCBuildConfiguration;
			baseConfigurationReference = 2F29331758EF17F216F4237C /* Pods-COBSCComp201P001-EshanTests.debug.xcconfig */;
			buildSettings = {
				ALWAYS_EMBED_SWIFT_STANDARD_LIBRARIES = YES;
				BUNDLE_LOADER = "$(TEST_HOST)";
				CODE_SIGN_STYLE = Automatic;
				CURRENT_PROJECT_VERSION = 1;
				DEVELOPMENT_TEAM = 4VR7Z3J699;
				GENERATE_INFOPLIST_FILE = YES;
				IPHONEOS_DEPLOYMENT_TARGET = 14.0;
				LD_RUNPATH_SEARCH_PATHS = (
					"$(inherited)",
					"@executable_path/Frameworks",
					"@loader_path/Frameworks",
				);
				MARKETING_VERSION = 1.0;
				PRODUCT_BUNDLE_IDENTIFIER = "nibm.lk.COBSCComp201P001-EshanTests";
				PRODUCT_NAME = "$(TARGET_NAME)";
				SWIFT_EMIT_LOC_STRINGS = NO;
				SWIFT_VERSION = 5.0;
				TARGETED_DEVICE_FAMILY = "1,2";
				TEST_HOST = "$(BUILT_PRODUCTS_DIR)/COBSCComp201P001-Eshan.app/COBSCComp201P001-Eshan";
			};
			name = Debug;
		};
		CFF5B9A127283E5E00381B07 /* Release */ = {
			isa = XCBuildConfiguration;
			baseConfigurationReference = 82A04A7D9C4AE4F6A1B17044 /* Pods-COBSCComp201P001-EshanTests.release.xcconfig */;
			buildSettings = {
				ALWAYS_EMBED_SWIFT_STANDARD_LIBRARIES = YES;
				BUNDLE_LOADER = "$(TEST_HOST)";
				CODE_SIGN_STYLE = Automatic;
				CURRENT_PROJECT_VERSION = 1;
				DEVELOPMENT_TEAM = 4VR7Z3J699;
				GENERATE_INFOPLIST_FILE = YES;
				IPHONEOS_DEPLOYMENT_TARGET = 14.0;
				LD_RUNPATH_SEARCH_PATHS = (
					"$(inherited)",
					"@executable_path/Frameworks",
					"@loader_path/Frameworks",
				);
				MARKETING_VERSION = 1.0;
				PRODUCT_BUNDLE_IDENTIFIER = "nibm.lk.COBSCComp201P001-EshanTests";
				PRODUCT_NAME = "$(TARGET_NAME)";
				SWIFT_EMIT_LOC_STRINGS = NO;
				SWIFT_VERSION = 5.0;
				TARGETED_DEVICE_FAMILY = "1,2";
				TEST_HOST = "$(BUILT_PRODUCTS_DIR)/COBSCComp201P001-Eshan.app/COBSCComp201P001-Eshan";
			};
			name = Release;
		};
		CFF5B9A327283E5E00381B07 /* Debug */ = {
			isa = XCBuildConfiguration;
			baseConfigurationReference = CC69B644A47A4B8ABB4C1C69 /* Pods-COBSCComp201P001-Eshan-COBSCComp201P001-EshanUITests.debug.xcconfig */;
			buildSettings = {
				ALWAYS_EMBED_SWIFT_STANDARD_LIBRARIES = YES;
				CODE_SIGN_STYLE = Automatic;
				CURRENT_PROJECT_VERSION = 1;
				DEVELOPMENT_TEAM = 4VR7Z3J699;
				GENERATE_INFOPLIST_FILE = YES;
				LD_RUNPATH_SEARCH_PATHS = (
					"$(inherited)",
					"@executable_path/Frameworks",
					"@loader_path/Frameworks",
				);
				MARKETING_VERSION = 1.0;
				PRODUCT_BUNDLE_IDENTIFIER = "nibm.lk.COBSCComp201P001-EshanUITests";
				PRODUCT_NAME = "$(TARGET_NAME)";
				SWIFT_EMIT_LOC_STRINGS = NO;
				SWIFT_VERSION = 5.0;
				TARGETED_DEVICE_FAMILY = "1,2";
				TEST_TARGET_NAME = "COBSCComp201P001-Eshan";
			};
			name = Debug;
		};
		CFF5B9A427283E5E00381B07 /* Release */ = {
			isa = XCBuildConfiguration;
			baseConfigurationReference = F0787AE2EB1740CF1A53B93A /* Pods-COBSCComp201P001-Eshan-COBSCComp201P001-EshanUITests.release.xcconfig */;
			buildSettings = {
				ALWAYS_EMBED_SWIFT_STANDARD_LIBRARIES = YES;
				CODE_SIGN_STYLE = Automatic;
				CURRENT_PROJECT_VERSION = 1;
				DEVELOPMENT_TEAM = 4VR7Z3J699;
				GENERATE_INFOPLIST_FILE = YES;
				LD_RUNPATH_SEARCH_PATHS = (
					"$(inherited)",
					"@executable_path/Frameworks",
					"@loader_path/Frameworks",
				);
				MARKETING_VERSION = 1.0;
				PRODUCT_BUNDLE_IDENTIFIER = "nibm.lk.COBSCComp201P001-EshanUITests";
				PRODUCT_NAME = "$(TARGET_NAME)";
				SWIFT_EMIT_LOC_STRINGS = NO;
				SWIFT_VERSION = 5.0;
				TARGETED_DEVICE_FAMILY = "1,2";
				TEST_TARGET_NAME = "COBSCComp201P001-Eshan";
			};
			name = Release;
		};
/* End XCBuildConfiguration section */

/* Begin XCConfigurationList section */
		CFF5B97327283E5C00381B07 /* Build configuration list for PBXProject "COBSCComp201P001-Eshan" */ = {
			isa = XCConfigurationList;
			buildConfigurations = (
				CFF5B99A27283E5E00381B07 /* Debug */,
				CFF5B99B27283E5E00381B07 /* Release */,
			);
			defaultConfigurationIsVisible = 0;
			defaultConfigurationName = Release;
		};
		CFF5B99C27283E5E00381B07 /* Build configuration list for PBXNativeTarget "COBSCComp201P001-Eshan" */ = {
			isa = XCConfigurationList;
			buildConfigurations = (
				CFF5B99D27283E5E00381B07 /* Debug */,
				CFF5B99E27283E5E00381B07 /* Release */,
			);
			defaultConfigurationIsVisible = 0;
			defaultConfigurationName = Release;
		};
		CFF5B99F27283E5E00381B07 /* Build configuration list for PBXNativeTarget "COBSCComp201P001-EshanTests" */ = {
			isa = XCConfigurationList;
			buildConfigurations = (
				CFF5B9A027283E5E00381B07 /* Debug */,
				CFF5B9A127283E5E00381B07 /* Release */,
			);
			defaultConfigurationIsVisible = 0;
			defaultConfigurationName = Release;
		};
		CFF5B9A227283E5E00381B07 /* Build configuration list for PBXNativeTarget "COBSCComp201P001-EshanUITests" */ = {
			isa = XCConfigurationList;
			buildConfigurations = (
				CFF5B9A327283E5E00381B07 /* Debug */,
				CFF5B9A427283E5E00381B07 /* Release */,
			);
			defaultConfigurationIsVisible = 0;
			defaultConfigurationName = Release;
		};
/* End XCConfigurationList section */
	};
	rootObject = CFF5B97027283E5C00381B07 /* Project object */;
}
